// !$*UTF8*$!
{
	archiveVersion = 1;
	classes = {
	};
	objectVersion = 46;
	objects = {

/* Begin PBXBuildFile section */
		06CB850C1A1C22A600CA338F /* CardTestCase.m in Sources */ = {isa = PBXBuildFile; fileRef = 06CB850B1A1C22A600CA338F /* CardTestCase.m */; };
		06CB85101A1CB37000CA338F /* DeckTestCase.m in Sources */ = {isa = PBXBuildFile; fileRef = 06CB850F1A1CB37000CA338F /* DeckTestCase.m */; };
		06CB85121A1CB42A00CA338F /* PlayingCardTestCase.m in Sources */ = {isa = PBXBuildFile; fileRef = 06CB85111A1CB42A00CA338F /* PlayingCardTestCase.m */; };
		06CB85141A1CB6EF00CA338F /* PlayingCardDeckTestCase.m in Sources */ = {isa = PBXBuildFile; fileRef = 06CB85131A1CB6EF00CA338F /* PlayingCardDeckTestCase.m */; };
		06FDAF5019B4CA9F00C9A966 /* Main.storyboard in Resources */ = {isa = PBXBuildFile; fileRef = 06FDAF3A19B4CA9F00C9A966 /* Main.storyboard */; };
		06FDAF5119B4CA9F00C9A966 /* ViewController.m in Sources */ = {isa = PBXBuildFile; fileRef = 06FDAF3C19B4CA9F00C9A966 /* ViewController.m */; };
		06FDAF5419B4CA9F00C9A966 /* Deck.m in Sources */ = {isa = PBXBuildFile; fileRef = 06FDAF4219B4CA9F00C9A966 /* Deck.m */; };
		06FDAF5519B4CA9F00C9A966 /* Card.m in Sources */ = {isa = PBXBuildFile; fileRef = 06FDAF4519B4CA9F00C9A966 /* Card.m */; };
		06FDAF5619B4CA9F00C9A966 /* PlayingCard.m in Sources */ = {isa = PBXBuildFile; fileRef = 06FDAF4619B4CA9F00C9A966 /* PlayingCard.m */; };
		06FDAF5719B4CA9F00C9A966 /* PlayingCardDeck.m in Sources */ = {isa = PBXBuildFile; fileRef = 06FDAF4719B4CA9F00C9A966 /* PlayingCardDeck.m */; };
		06FDAF5919B4CA9F00C9A966 /* AppDelegate.m in Sources */ = {isa = PBXBuildFile; fileRef = 06FDAF4C19B4CA9F00C9A966 /* AppDelegate.m */; };
		06FDAF5B19B4CA9F00C9A966 /* main.m in Sources */ = {isa = PBXBuildFile; fileRef = 06FDAF4E19B4CA9F00C9A966 /* main.m */; };
		06FDAF5E19B4CBBD00C9A966 /* Images.xcassets in Resources */ = {isa = PBXBuildFile; fileRef = 06FDAF5D19B4CBBD00C9A966 /* Images.xcassets */; };
		06FDAF6C19B4CE6E00C9A966 /* Info.plist in Resources */ = {isa = PBXBuildFile; fileRef = 06FDAF6A19B4CE6E00C9A966 /* Info.plist */; };
/* End PBXBuildFile section */

/* Begin PBXContainerItemProxy section */
		064CF4C01984377700480C99 /* PBXContainerItemProxy */ = {
			isa = PBXContainerItemProxy;
			containerPortal = 064CF4A11984377700480C99 /* Project object */;
			proxyType = 1;
			remoteGlobalIDString = 064CF4A81984377700480C99;
			remoteInfo = Matchismo;
		};
/* End PBXContainerItemProxy section */

/* Begin PBXFileReference section */
		064CF4A91984377700480C99 /* Matchismo.app */ = {isa = PBXFileReference; explicitFileType = wrapper.application; includeInIndex = 0; path = Matchismo.app; sourceTree = BUILT_PRODUCTS_DIR; };
		064CF4BF1984377700480C99 /* MatchismoTests.xctest */ = {isa = PBXFileReference; explicitFileType = wrapper.cfbundle; includeInIndex = 0; path = MatchismoTests.xctest; sourceTree = BUILT_PRODUCTS_DIR; };
		06CB850B1A1C22A600CA338F /* CardTestCase.m */ = {isa = PBXFileReference; fileEncoding = 4; lastKnownFileType = sourcecode.c.objc; path = CardTestCase.m; sourceTree = "<group>"; };
		06CB850F1A1CB37000CA338F /* DeckTestCase.m */ = {isa = PBXFileReference; fileEncoding = 4; lastKnownFileType = sourcecode.c.objc; path = DeckTestCase.m; sourceTree = "<group>"; };
		06CB85111A1CB42A00CA338F /* PlayingCardTestCase.m */ = {isa = PBXFileReference; fileEncoding = 4; lastKnownFileType = sourcecode.c.objc; path = PlayingCardTestCase.m; sourceTree = "<group>"; };
		06CB85131A1CB6EF00CA338F /* PlayingCardDeckTestCase.m */ = {isa = PBXFileReference; fileEncoding = 4; lastKnownFileType = sourcecode.c.objc; path = PlayingCardDeckTestCase.m; sourceTree = "<group>"; };
		06FDAF3B19B4CA9F00C9A966 /* Base */ = {isa = PBXFileReference; lastKnownFileType = file.storyboard; name = Base; path = Main.storyboard; sourceTree = "<group>"; };
		06FDAF3C19B4CA9F00C9A966 /* ViewController.m */ = {isa = PBXFileReference; fileEncoding = 4; lastKnownFileType = sourcecode.c.objc; name = ViewController.m; path = Matchismo2/ViewController.m; sourceTree = SOURCE_ROOT; };
		06FDAF4219B4CA9F00C9A966 /* Deck.m */ = {isa = PBXFileReference; fileEncoding = 4; lastKnownFileType = sourcecode.c.objc; name = Deck.m; path = Matchismo2/Model/Deck.m; sourceTree = SOURCE_ROOT; };
		06FDAF4319B4CA9F00C9A966 /* Deck.h */ = {isa = PBXFileReference; fileEncoding = 4; lastKnownFileType = sourcecode.c.h; name = Deck.h; path = Matchismo2/Model/Deck.h; sourceTree = SOURCE_ROOT; };
		06FDAF4419B4CA9F00C9A966 /* Card.h */ = {isa = PBXFileReference; fileEncoding = 4; lastKnownFileType = sourcecode.c.h; name = Card.h; path = Matchismo2/Model/Card.h; sourceTree = SOURCE_ROOT; };
		06FDAF4519B4CA9F00C9A966 /* Card.m */ = {isa = PBXFileReference; fileEncoding = 4; lastKnownFileType = sourcecode.c.objc; name = Card.m; path = Matchismo2/Model/Card.m; sourceTree = SOURCE_ROOT; };
		06FDAF4619B4CA9F00C9A966 /* PlayingCard.m */ = {isa = PBXFileReference; fileEncoding = 4; lastKnownFileType = sourcecode.c.objc; name = PlayingCard.m; path = Matchismo2/PlayingCard.m; sourceTree = SOURCE_ROOT; };
		06FDAF4719B4CA9F00C9A966 /* PlayingCardDeck.m */ = {isa = PBXFileReference; fileEncoding = 4; lastKnownFileType = sourcecode.c.objc; name = PlayingCardDeck.m; path = Matchismo2/PlayingCardDeck.m; sourceTree = SOURCE_ROOT; };
		06FDAF4819B4CA9F00C9A966 /* PlayingCardDeck.h */ = {isa = PBXFileReference; fileEncoding = 4; lastKnownFileType = sourcecode.c.h; name = PlayingCardDeck.h; path = Matchismo2/PlayingCardDeck.h; sourceTree = SOURCE_ROOT; };
		06FDAF4919B4CA9F00C9A966 /* PlayingCard.h */ = {isa = PBXFileReference; fileEncoding = 4; lastKnownFileType = sourcecode.c.h; name = PlayingCard.h; path = Matchismo2/PlayingCard.h; sourceTree = SOURCE_ROOT; };
		06FDAF4B19B4CA9F00C9A966 /* AppDelegate.h */ = {isa = PBXFileReference; fileEncoding = 4; lastKnownFileType = sourcecode.c.h; name = AppDelegate.h; path = Matchismo2/AppDelegate.h; sourceTree = SOURCE_ROOT; };
		06FDAF4C19B4CA9F00C9A966 /* AppDelegate.m */ = {isa = PBXFileReference; fileEncoding = 4; lastKnownFileType = sourcecode.c.objc; name = AppDelegate.m; path = Matchismo2/AppDelegate.m; sourceTree = SOURCE_ROOT; };
		06FDAF4D19B4CA9F00C9A966 /* Info.plist */ = {isa = PBXFileReference; fileEncoding = 4; lastKnownFileType = text.plist.xml; name = Info.plist; path = Matchismo2/Info.plist; sourceTree = SOURCE_ROOT; };
		06FDAF4E19B4CA9F00C9A966 /* main.m */ = {isa = PBXFileReference; fileEncoding = 4; lastKnownFileType = sourcecode.c.objc; name = main.m; path = Matchismo2/main.m; sourceTree = SOURCE_ROOT; };
		06FDAF4F19B4CA9F00C9A966 /* ViewController.h */ = {isa = PBXFileReference; fileEncoding = 4; lastKnownFileType = sourcecode.c.h; name = ViewController.h; path = Matchismo2/ViewController.h; sourceTree = SOURCE_ROOT; };
		06FDAF5D19B4CBBD00C9A966 /* Images.xcassets */ = {isa = PBXFileReference; lastKnownFileType = folder.assetcatalog; name = Images.xcassets; path = Matchismo2/Images.xcassets; sourceTree = SOURCE_ROOT; };
		06FDAF6A19B4CE6E00C9A966 /* Info.plist */ = {isa = PBXFileReference; fileEncoding = 4; lastKnownFileType = text.plist.xml; path = Info.plist; sourceTree = "<group>"; };
/* End PBXFileReference section */

/* Begin PBXFrameworksBuildPhase section */
		064CF4A61984377700480C99 /* Frameworks */ = {
			isa = PBXFrameworksBuildPhase;
			buildActionMask = 2147483647;
			files = (
			);
			runOnlyForDeploymentPostprocessing = 0;
		};
		064CF4BC1984377700480C99 /* Frameworks */ = {
			isa = PBXFrameworksBuildPhase;
			buildActionMask = 2147483647;
			files = (
			);
			runOnlyForDeploymentPostprocessing = 0;
		};
/* End PBXFrameworksBuildPhase section */

/* Begin PBXGroup section */
		064CF4A01984377700480C99 = {
			isa = PBXGroup;
			children = (
				064CF4AB1984377700480C99 /* Matchismo */,
				06FDAF6919B4CE6E00C9A966 /* MatchismoTests */,
				064CF4AA1984377700480C99 /* Products */,
			);
			sourceTree = "<group>";
		};
		064CF4AA1984377700480C99 /* Products */ = {
			isa = PBXGroup;
			children = (
				064CF4A91984377700480C99 /* Matchismo.app */,
				064CF4BF1984377700480C99 /* MatchismoTests.xctest */,
			);
			name = Products;
			sourceTree = "<group>";
		};
		064CF4AB1984377700480C99 /* Matchismo */ = {
			isa = PBXGroup;
			children = (
				06FDAF4C19B4CA9F00C9A966 /* AppDelegate.m */,
				06FDAF4B19B4CA9F00C9A966 /* AppDelegate.h */,
				06FDAF3919B4CA9F00C9A966 /* Base.lproj */,
				06FDAF3C19B4CA9F00C9A966 /* ViewController.m */,
				06FDAF4F19B4CA9F00C9A966 /* ViewController.h */,
				06FDAF5C19B4CB3300C9A966 /* Model */,
			);
			path = Matchismo;
			sourceTree = "<group>";
		};
		064CF4AC1984377700480C99 /* Supporting Files */ = {
			isa = PBXGroup;
			children = (
				06FDAF4D19B4CA9F00C9A966 /* Info.plist */,
				06FDAF4E19B4CA9F00C9A966 /* main.m */,
			);
			name = "Supporting Files";
			path = ../Matchismo;
			sourceTree = "<group>";
		};
		06FDAF3919B4CA9F00C9A966 /* Base.lproj */ = {
			isa = PBXGroup;
			children = (
				06FDAF3A19B4CA9F00C9A966 /* Main.storyboard */,
			);
			name = Base.lproj;
			path = Matchismo2/Base.lproj;
			sourceTree = SOURCE_ROOT;
		};
		06FDAF5C19B4CB3300C9A966 /* Model */ = {
			isa = PBXGroup;
			children = (
				06FDAF4919B4CA9F00C9A966 /* PlayingCard.h */,
				06FDAF4819B4CA9F00C9A966 /* PlayingCardDeck.h */,
				06FDAF4719B4CA9F00C9A966 /* PlayingCardDeck.m */,
				06FDAF4619B4CA9F00C9A966 /* PlayingCard.m */,
				06FDAF4519B4CA9F00C9A966 /* Card.m */,
				06FDAF4419B4CA9F00C9A966 /* Card.h */,
				06FDAF4319B4CA9F00C9A966 /* Deck.h */,
				06FDAF4219B4CA9F00C9A966 /* Deck.m */,
				06FDAF5D19B4CBBD00C9A966 /* Images.xcassets */,
			);
			name = Model;
			sourceTree = "<group>";
		};
		06FDAF6919B4CE6E00C9A966 /* MatchismoTests */ = {
			isa = PBXGroup;
			children = (
				06CB85131A1CB6EF00CA338F /* PlayingCardDeckTestCase.m */,
				06CB850F1A1CB37000CA338F /* DeckTestCase.m */,
				06CB85111A1CB42A00CA338F /* PlayingCardTestCase.m */,
				06CB850B1A1C22A600CA338F /* CardTestCase.m */,
				064CF4AC1984377700480C99 /* Supporting Files */,
				06FDAF6A19B4CE6E00C9A966 /* Info.plist */,
			);
			path = MatchismoTests;
			sourceTree = SOURCE_ROOT;
		};
/* End PBXGroup section */

/* Begin PBXNativeTarget section */
		064CF4A81984377700480C99 /* Matchismo */ = {
			isa = PBXNativeTarget;
			buildConfigurationList = 064CF4C91984377700480C99 /* Build configuration list for PBXNativeTarget "Matchismo" */;
			buildPhases = (
				064CF4A51984377700480C99 /* Sources */,
				064CF4A61984377700480C99 /* Frameworks */,
				064CF4A71984377700480C99 /* Resources */,
			);
			buildRules = (
			);
			dependencies = (
			);
			name = Matchismo;
			productName = Matchismo;
			productReference = 064CF4A91984377700480C99 /* Matchismo.app */;
			productType = "com.apple.product-type.application";
		};
		064CF4BE1984377700480C99 /* MatchismoTests */ = {
			isa = PBXNativeTarget;
			buildConfigurationList = 064CF4CC1984377700480C99 /* Build configuration list for PBXNativeTarget "MatchismoTests" */;
			buildPhases = (
				064CF4BB1984377700480C99 /* Sources */,
				064CF4BC1984377700480C99 /* Frameworks */,
				064CF4BD1984377700480C99 /* Resources */,
			);
			buildRules = (
			);
			dependencies = (
				064CF4C11984377700480C99 /* PBXTargetDependency */,
			);
			name = MatchismoTests;
			productName = MatchismoTests;
			productReference = 064CF4BF1984377700480C99 /* MatchismoTests.xctest */;
			productType = "com.apple.product-type.bundle.unit-test";
		};
/* End PBXNativeTarget section */

/* Begin PBXProject section */
		064CF4A11984377700480C99 /* Project object */ = {
			isa = PBXProject;
			attributes = {
				LastUpgradeCheck = 0610;
				ORGANIZATIONNAME = CS193P;
				TargetAttributes = {
					064CF4A81984377700480C99 = {
						CreatedOnToolsVersion = 6.0;
						DevelopmentTeam = 4GU38QBBZL;
					};
					064CF4BE1984377700480C99 = {
						CreatedOnToolsVersion = 6.0;
						TestTargetID = 064CF4A81984377700480C99;
					};
				};
			};
			buildConfigurationList = 064CF4A41984377700480C99 /* Build configuration list for PBXProject "Matchismo2" */;
			compatibilityVersion = "Xcode 3.2";
			developmentRegion = English;
			hasScannedForEncodings = 0;
			knownRegions = (
				en,
				Base,
			);
			mainGroup = 064CF4A01984377700480C99;
			productRefGroup = 064CF4AA1984377700480C99 /* Products */;
			projectDirPath = "";
			projectRoot = "";
			targets = (
				064CF4A81984377700480C99 /* Matchismo */,
				064CF4BE1984377700480C99 /* MatchismoTests */,
			);
		};
/* End PBXProject section */

/* Begin PBXResourcesBuildPhase section */
		064CF4A71984377700480C99 /* Resources */ = {
			isa = PBXResourcesBuildPhase;
			buildActionMask = 2147483647;
			files = (
				06FDAF6C19B4CE6E00C9A966 /* Info.plist in Resources */,
				06FDAF5E19B4CBBD00C9A966 /* Images.xcassets in Resources */,
				06FDAF5019B4CA9F00C9A966 /* Main.storyboard in Resources */,
			);
			runOnlyForDeploymentPostprocessing = 0;
		};
		064CF4BD1984377700480C99 /* Resources */ = {
			isa = PBXResourcesBuildPhase;
			buildActionMask = 2147483647;
			files = (
			);
			runOnlyForDeploymentPostprocessing = 0;
		};
/* End PBXResourcesBuildPhase section */

/* Begin PBXSourcesBuildPhase section */
		064CF4A51984377700480C99 /* Sources */ = {
			isa = PBXSourcesBuildPhase;
			buildActionMask = 2147483647;
			files = (
				06FDAF5119B4CA9F00C9A966 /* ViewController.m in Sources */,
				06FDAF5B19B4CA9F00C9A966 /* main.m in Sources */,
				06FDAF5419B4CA9F00C9A966 /* Deck.m in Sources */,
				06FDAF5619B4CA9F00C9A966 /* PlayingCard.m in Sources */,
				06FDAF5719B4CA9F00C9A966 /* PlayingCardDeck.m in Sources */,
				06FDAF5519B4CA9F00C9A966 /* Card.m in Sources */,
				06FDAF5919B4CA9F00C9A966 /* AppDelegate.m in Sources */,
			);
			runOnlyForDeploymentPostprocessing = 0;
		};
		064CF4BB1984377700480C99 /* Sources */ = {
			isa = PBXSourcesBuildPhase;
			buildActionMask = 2147483647;
			files = (
				06CB85101A1CB37000CA338F /* DeckTestCase.m in Sources */,
				06CB85141A1CB6EF00CA338F /* PlayingCardDeckTestCase.m in Sources */,
				06CB85121A1CB42A00CA338F /* PlayingCardTestCase.m in Sources */,
				06CB850C1A1C22A600CA338F /* CardTestCase.m in Sources */,
			);
			runOnlyForDeploymentPostprocessing = 0;
		};
/* End PBXSourcesBuildPhase section */

/* Begin PBXTargetDependency section */
		064CF4C11984377700480C99 /* PBXTargetDependency */ = {
			isa = PBXTargetDependency;
			target = 064CF4A81984377700480C99 /* Matchismo */;
			targetProxy = 064CF4C01984377700480C99 /* PBXContainerItemProxy */;
		};
/* End PBXTargetDependency section */

/* Begin PBXVariantGroup section */
		06FDAF3A19B4CA9F00C9A966 /* Main.storyboard */ = {
			isa = PBXVariantGroup;
			children = (
				06FDAF3B19B4CA9F00C9A966 /* Base */,
			);
			name = Main.storyboard;
			sourceTree = "<group>";
		};
/* End PBXVariantGroup section */

/* Begin XCBuildConfiguration section */
		064CF4C71984377700480C99 /* Debug */ = {
			isa = XCBuildConfiguration;
			buildSettings = {
				ALWAYS_SEARCH_USER_PATHS = NO;
				CLANG_CXX_LANGUAGE_STANDARD = "gnu++0x";
				CLANG_CXX_LIBRARY = "libc++";
				CLANG_ENABLE_MODULES = YES;
				CLANG_ENABLE_OBJC_ARC = YES;
				CLANG_WARN_BOOL_CONVERSION = YES;
				CLANG_WARN_CONSTANT_CONVERSION = YES;
				CLANG_WARN_DIRECT_OBJC_ISA_USAGE = YES_ERROR;
				CLANG_WARN_EMPTY_BODY = YES;
				CLANG_WARN_ENUM_CONVERSION = YES;
				CLANG_WARN_INT_CONVERSION = YES;
				CLANG_WARN_OBJC_ROOT_CLASS = YES_ERROR;
				CLANG_WARN_UNREACHABLE_CODE = YES;
				CLANG_WARN__DUPLICATE_METHOD_MATCH = YES;
				"CODE_SIGN_IDENTITY[sdk=iphoneos*]" = "iPhone Developer";
				COPY_PHASE_STRIP = NO;
				ENABLE_STRICT_OBJC_MSGSEND = YES;
				"FRAMEWORK_SEARCH_PATHS[arch=*]" = "$(PLATFORM_DIR)/Developer/Library/Frameworks";
				GCC_C_LANGUAGE_STANDARD = gnu99;
				GCC_DYNAMIC_NO_PIC = NO;
				GCC_OPTIMIZATION_LEVEL = 0;
				GCC_PREPROCESSOR_DEFINITIONS = (
					"DEBUG=1",
					"$(inherited)",
				);
				GCC_SYMBOLS_PRIVATE_EXTERN = NO;
				GCC_WARN_64_TO_32_BIT_CONVERSION = YES;
				GCC_WARN_ABOUT_RETURN_TYPE = YES_ERROR;
				GCC_WARN_UNDECLARED_SELECTOR = YES;
				GCC_WARN_UNINITIALIZED_AUTOS = YES_AGGRESSIVE;
				GCC_WARN_UNUSED_FUNCTION = YES;
				GCC_WARN_UNUSED_VARIABLE = YES;
				IPHONEOS_DEPLOYMENT_TARGET = 8.0;
				MTL_ENABLE_DEBUG_INFO = YES;
				ONLY_ACTIVE_ARCH = YES;
				SDKROOT = iphoneos;
			};
			name = Debug;
		};
		064CF4C81984377700480C99 /* Release */ = {
			isa = XCBuildConfiguration;
			buildSettings = {
				ALWAYS_SEARCH_USER_PATHS = NO;
				CLANG_CXX_LANGUAGE_STANDARD = "gnu++0x";
				CLANG_CXX_LIBRARY = "libc++";
				CLANG_ENABLE_MODULES = YES;
				CLANG_ENABLE_OBJC_ARC = YES;
				CLANG_WARN_BOOL_CONVERSION = YES;
				CLANG_WARN_CONSTANT_CONVERSION = YES;
				CLANG_WARN_DIRECT_OBJC_ISA_USAGE = YES_ERROR;
				CLANG_WARN_EMPTY_BODY = YES;
				CLANG_WARN_ENUM_CONVERSION = YES;
				CLANG_WARN_INT_CONVERSION = YES;
				CLANG_WARN_OBJC_ROOT_CLASS = YES_ERROR;
				CLANG_WARN_UNREACHABLE_CODE = YES;
				CLANG_WARN__DUPLICATE_METHOD_MATCH = YES;
				"CODE_SIGN_IDENTITY[sdk=iphoneos*]" = "iPhone Developer";
				COPY_PHASE_STRIP = YES;
				ENABLE_NS_ASSERTIONS = NO;
				ENABLE_STRICT_OBJC_MSGSEND = YES;
				"FRAMEWORK_SEARCH_PATHS[arch=*]" = "$(PLATFORM_DIR)/Developer/Library/Frameworks";
				GCC_C_LANGUAGE_STANDARD = gnu99;
				GCC_WARN_64_TO_32_BIT_CONVERSION = YES;
				GCC_WARN_ABOUT_RETURN_TYPE = YES_ERROR;
				GCC_WARN_UNDECLARED_SELECTOR = YES;
				GCC_WARN_UNINITIALIZED_AUTOS = YES_AGGRESSIVE;
				GCC_WARN_UNUSED_FUNCTION = YES;
				GCC_WARN_UNUSED_VARIABLE = YES;
				IPHONEOS_DEPLOYMENT_TARGET = 8.0;
				MTL_ENABLE_DEBUG_INFO = NO;
				SDKROOT = iphoneos;
				VALIDATE_PRODUCT = YES;
			};
			name = Release;
		};
		064CF4CA1984377700480C99 /* Debug */ = {
			isa = XCBuildConfiguration;
			buildSettings = {
				ASSETCATALOG_COMPILER_APPICON_NAME = AppIcon;
				ASSETCATALOG_COMPILER_LAUNCHIMAGE_NAME = LaunchImage;
				CODE_SIGN_IDENTITY = "iPhone Developer";
				"CODE_SIGN_IDENTITY[sdk=iphoneos*]" = "iPhone Developer";
				INFOPLIST_FILE = "$(SRCROOT)/Matchismo2/Info.plist";
				IPHONEOS_DEPLOYMENT_TARGET = 8.1;
				LD_RUNPATH_SEARCH_PATHS = "$(inherited) @executable_path/Frameworks";
				PRODUCT_NAME = "$(TARGET_NAME)";
			};
			name = Debug;
		};
		064CF4CB1984377700480C99 /* Release */ = {
			isa = XCBuildConfiguration;
			buildSettings = {
				ASSETCATALOG_COMPILER_APPICON_NAME = AppIcon;
				ASSETCATALOG_COMPILER_LAUNCHIMAGE_NAME = LaunchImage;
				CODE_SIGN_IDENTITY = "iPhone Distribution";
				"CODE_SIGN_IDENTITY[sdk=iphoneos*]" = "iPhone Developer";
				INFOPLIST_FILE = "$(SRCROOT)/Matchismo2/Info.plist";
				IPHONEOS_DEPLOYMENT_TARGET = 8.1;
				LD_RUNPATH_SEARCH_PATHS = "$(inherited) @executable_path/Frameworks";
				PRODUCT_NAME = "$(TARGET_NAME)";
			};
			name = Release;
		};
		064CF4CD1984377700480C99 /* Debug */ = {
			isa = XCBuildConfiguration;
			buildSettings = {
				BUNDLE_LOADER = "$(BUILT_PRODUCTS_DIR)/Matchismo.app/Matchismo";
				FRAMEWORK_SEARCH_PATHS = (
					"$(SDKROOT)/Developer/Library/Frameworks",
					"$(inherited)",
				);
				GCC_PREPROCESSOR_DEFINITIONS = (
					"DEBUG=1",
					"$(inherited)",
				);
				INFOPLIST_FILE = MatchismoTests/Info.plist;
				LD_RUNPATH_SEARCH_PATHS = "$(inherited) @executable_path/Frameworks @loader_path/Frameworks";
				PRODUCT_NAME = "$(TARGET_NAME)";
				TEST_HOST = "$(BUNDLE_LOADER)";
			};
			name = Debug;
		};
		064CF4CE1984377700480C99 /* Release */ = {
			isa = XCBuildConfiguration;
			buildSettings = {
				BUNDLE_LOADER = "$(BUILT_PRODUCTS_DIR)/Matchismo.app/Matchismo";
				FRAMEWORK_SEARCH_PATHS = (
					"$(SDKROOT)/Developer/Library/Frameworks",
					"$(inherited)",
				);
				INFOPLIST_FILE = MatchismoTests/Info.plist;
				LD_RUNPATH_SEARCH_PATHS = "$(inherited) @executable_path/Frameworks @loader_path/Frameworks";
				PRODUCT_NAME = "$(TARGET_NAME)";
				TEST_HOST = "$(BUNDLE_LOADER)";
			};
			name = Release;
		};
/* End XCBuildConfiguration section */

/* Begin XCConfigurationList section */
		064CF4A41984377700480C99 /* Build configuration list for PBXProject "Matchismo2" */ = {
			isa = XCConfigurationList;
			buildConfigurations = (
				064CF4C71984377700480C99 /* Debug */,
				064CF4C81984377700480C99 /* Release */,
			);
			defaultConfigurationIsVisible = 0;
			defaultConfigurationName = Release;
		};
		064CF4C91984377700480C99 /* Build configuration list for PBXNativeTarget "Matchismo" */ = {
			isa = XCConfigurationList;
			buildConfigurations = (
				064CF4CA1984377700480C99 /* Debug */,
				064CF4CB1984377700480C99 /* Release */,
			);
			defaultConfigurationIsVisible = 0;
			defaultConfigurationName = Release;
		};
		064CF4CC1984377700480C99 /* Build configuration list for PBXNativeTarget "MatchismoTests" */ = {
			isa = XCConfigurationList;
			buildConfigurations = (
				064CF4CD1984377700480C99 /* Debug */,
				064CF4CE1984377700480C99 /* Release */,
			);
			defaultConfigurationIsVisible = 0;
			defaultConfigurationName = Release;
		};
/* End XCConfigurationList section */
	};
	rootObject = 064CF4A11984377700480C99 /* Project object */;
}
